# This file is automatically @generated by Cargo.
# It is not intended for manual editing.
version = 4

[[package]]
name = "levilamina"
version = "26.20.1"
dependencies = [
 "levilamina-sys",
]

[[package]]
name = "levilamina-sys"
version = "26.20.1"

[[package]]
name = "region-scan"
version = "0.1.0"
dependencies = [
 "levilamina",
]
